<Solution>
  <Project Path="AnimeTakusan.API/AnimeTakusan.API.csproj" />
  <Project Path="AnimeTakusan.Application/AnimeTakusan.Application.csproj" />
  <Project Path="AnimeTakusan.Domain/AnimeTakusan.Domain.csproj" />
  <Project Path="AnimeTakusan.Infrastructure/AnimeTakusan.Infrastructure.csproj" />
</Solution>
